{
  "name": "meu-projeto-pagamento",
  "version": "1.0.0",
  "lockfileVersion": 3,
  "requires": true,
  "packages": {
    "": {
      "name": "meu-projeto-pagamento",
      "version": "1.0.0",
      "license": "ISC",
      "dependencies": {
        "mercadopago": "^3.3.0"
      }
    },
    "node_modules/mercadopago": {
      "version": "3.3.0",
      "resolved": "https://registry.npmjs.org/mercadopago/-/mercadopago-3.3.0.tgz",
      "integrity": "sha512-TVtMopL6+CQOzU9hIVGVYxTO1DwOL9x3OmSdh7Qi/tawoLMSooQM0m/ttCC67vYsje+rjgZqNPoT9ItDQPm6Pg==",
      "engines": {
        "node": ">=18"
      }
    }
  }
}
